
Microsoft Visual Studio Solution File, Format Version 12.00
# Visual Studio Version 16
VisualStudioVersion = 16.0.31624.102
MinimumVisualStudioVersion = 10.0.40219.1
Project("{9A19103F-16F7-4668-BE54-9A1E7A4F7556}") = "RegistrationArea.ConsoleApplication", "AreaDeCadastro\RegistrationArea.ConsoleApplication.csproj", "{A424BE64-71C6-4BC5-9FEC-E9C186E55532}"
EndProject
Project("{9A19103F-16F7-4668-BE54-9A1E7A4F7556}") = "RegistrationArea.Business", "RegistrationArea.Business\RegistrationArea.Business.csproj", "{808FD84D-BF84-461F-8D90-569646C0FC56}"
EndProject
Project("{9A19103F-16F7-4668-BE54-9A1E7A4F7556}") = "RegistrationArea.Tests", "RegistrationArea.Tests\RegistrationArea.Tests.csproj", "{2F79454E-F7CA-4581-B63E-97DE13AA8C39}"
EndProject
Project("{9A19103F-16F7-4668-BE54-9A1E7A4F7556}") = "RegistrationArea.Repository", "ResgistrationArea.Repository\RegistrationArea.Repository.csproj", "{F8F8ACBA-2017-4367-A2A3-EBE4CECDDB58}"
EndProject
Global
	GlobalSection(SolutionConfigurationPlatforms) = preSolution
		Debug|Any CPU = Debug|Any CPU
		Release|Any CPU = Release|Any CPU
	EndGlobalSection
	GlobalSection(ProjectConfigurationPlatforms) = postSolution
		{A424BE64-71C6-4BC5-9FEC-E9C186E55532}.Debug|Any CPU.ActiveCfg = Debug|Any CPU
		{A424BE64-71C6-4BC5-9FEC-E9C186E55532}.Debug|Any CPU.Build.0 = Debug|Any CPU
		{A424BE64-71C6-4BC5-9FEC-E9C186E55532}.Release|Any CPU.ActiveCfg = Release|Any CPU
		{A424BE64-71C6-4BC5-9FEC-E9C186E55532}.Release|Any CPU.Build.0 = Release|Any CPU
		{808FD84D-BF84-461F-8D90-569646C0FC56}.Debug|Any CPU.ActiveCfg = Debug|Any CPU
		{808FD84D-BF84-461F-8D90-569646C0FC56}.Debug|Any CPU.Build.0 = Debug|Any CPU
		{808FD84D-BF84-461F-8D90-569646C0FC56}.Release|Any CPU.ActiveCfg = Release|Any CPU
		{808FD84D-BF84-461F-8D90-569646C0FC56}.Release|Any CPU.Build.0 = Release|Any CPU
		{2F79454E-F7CA-4581-B63E-97DE13AA8C39}.Debug|Any CPU.ActiveCfg = Debug|Any CPU
		{2F79454E-F7CA-4581-B63E-97DE13AA8C39}.Debug|Any CPU.Build.0 = Debug|Any CPU
		{2F79454E-F7CA-4581-B63E-97DE13AA8C39}.Release|Any CPU.ActiveCfg = Release|Any CPU
		{2F79454E-F7CA-4581-B63E-97DE13AA8C39}.Release|Any CPU.Build.0 = Release|Any CPU
		{F8F8ACBA-2017-4367-A2A3-EBE4CECDDB58}.Debug|Any CPU.ActiveCfg = Debug|Any CPU
		{F8F8ACBA-2017-4367-A2A3-EBE4CECDDB58}.Debug|Any CPU.Build.0 = Debug|Any CPU
		{F8F8ACBA-2017-4367-A2A3-EBE4CECDDB58}.Release|Any CPU.ActiveCfg = Release|Any CPU
		{F8F8ACBA-2017-4367-A2A3-EBE4CECDDB58}.Release|Any CPU.Build.0 = Release|Any CPU
	EndGlobalSection
	GlobalSection(SolutionProperties) = preSolution
		HideSolutionNode = FALSE
	EndGlobalSection
	GlobalSection(ExtensibilityGlobals) = postSolution
		SolutionGuid = {E626798F-DA86-4B2C-97FB-9A6A9B4C1B11}
	EndGlobalSection
EndGlobal
